
Microsoft Visual Studio Solution File, Format Version 12.00
# Visual Studio Version 17
VisualStudioVersion = 17.7.34031.279
MinimumVisualStudioVersion = 10.0.40219.1
Project("{FAE04EC0-301F-11D3-BF4B-00C04F79EFBC}") = "StableDiffusionTorchSharp", "StableDiffusionTorchSharp\StableDiffusionTorchSharp.csproj", "{D209A46A-07DB-4648-810B-67FFE92798B9}"
EndProject
Global
	GlobalSection(SolutionConfigurationPlatforms) = preSolution
		Debug|Any CPU = Debug|Any CPU
		Release|Any CPU = Release|Any CPU
	EndGlobalSection
	GlobalSection(ProjectConfigurationPlatforms) = postSolution
		{D209A46A-07DB-4648-810B-67FFE92798B9}.Debug|Any CPU.ActiveCfg = Debug|Any CPU
		{D209A46A-07DB-4648-810B-67FFE92798B9}.Debug|Any CPU.Build.0 = Debug|Any CPU
		{D209A46A-07DB-4648-810B-67FFE92798B9}.Release|Any CPU.ActiveCfg = Release|Any CPU
		{D209A46A-07DB-4648-810B-67FFE92798B9}.Release|Any CPU.Build.0 = Release|Any CPU
	EndGlobalSection
	GlobalSection(SolutionProperties) = preSolution
		HideSolutionNode = FALSE
	EndGlobalSection
	GlobalSection(ExtensibilityGlobals) = postSolution
		SolutionGuid = {39792448-4816-4F15-9F39-21B053A80024}
	EndGlobalSection
EndGlobal
